
Microsoft Visual Studio Solution File, Format Version 12.00
# Visual Studio Version 16
VisualStudioVersion = 16.0.31025.194
MinimumVisualStudioVersion = 10.0.40219.1
Project("{FAE04EC0-301F-11D3-BF4B-00C04F79EFBC}") = "WindowsFormsApp2", "WindowsFormsApp2\WindowsFormsApp2.csproj", "{9BB2E82E-4C59-4969-B9DE-2D10BECBD7E4}"
EndProject
Global
	GlobalSection(SolutionConfigurationPlatforms) = preSolution
		Debug|Any CPU = Debug|Any CPU
		Release|Any CPU = Release|Any CPU
	EndGlobalSection
	GlobalSection(ProjectConfigurationPlatforms) = postSolution
		{9BB2E82E-4C59-4969-B9DE-2D10BECBD7E4}.Debug|Any CPU.ActiveCfg = Debug|Any CPU
		{9BB2E82E-4C59-4969-B9DE-2D10BECBD7E4}.Debug|Any CPU.Build.0 = Debug|Any CPU
		{9BB2E82E-4C59-4969-B9DE-2D10BECBD7E4}.Release|Any CPU.ActiveCfg = Release|Any CPU
		{9BB2E82E-4C59-4969-B9DE-2D10BECBD7E4}.Release|Any CPU.Build.0 = Release|Any CPU
	EndGlobalSection
	GlobalSection(SolutionProperties) = preSolution
		HideSolutionNode = FALSE
	EndGlobalSection
	GlobalSection(ExtensibilityGlobals) = postSolution
		SolutionGuid = {A7B8E7A6-0C3C-4938-B221-8C853B379111}
	EndGlobalSection
EndGlobal
